
Microsoft Visual Studio Solution File, Format Version 12.00
# Visual Studio Version 17
VisualStudioVersion = 17.10.35122.118
MinimumVisualStudioVersion = 10.0.40219.1
Project("{2150E333-8FDC-42A3-9474-1A3956D46DE8}") = "Solution Items", "Solution Items", "{C93B7D93-627C-4715-B921-2519D8A0A0D0}"
	ProjectSection(SolutionItems) = preProject
		src\docker-compose.override.yml = src\docker-compose.override.yml
		src\docker-compose.yml = src\docker-compose.yml
		global.json = global.json
		README.md = README.md
	EndProjectSection
EndProject
Project("{2150E333-8FDC-42A3-9474-1A3956D46DE8}") = "src", "src", "{8F139DC0-2C69-4D6B-B9F9-321B85F0C909}"
EndProject
Project("{2150E333-8FDC-42A3-9474-1A3956D46DE8}") = "ApiGateways", "ApiGateways", "{8D44DA29-3BD2-496A-BE26-F39D8037D216}"
EndProject
Project("{2150E333-8FDC-42A3-9474-1A3956D46DE8}") = "BuildingBlocks", "BuildingBlocks", "{3CF39FC8-615C-430F-8FEA-08FD5C2E5FAB}"
EndProject
Project("{2150E333-8FDC-42A3-9474-1A3956D46DE8}") = "Services", "Services", "{8FE50B80-38F4-4B82-B8C9-4A2614D22AAF}"
EndProject
Project("{2150E333-8FDC-42A3-9474-1A3956D46DE8}") = "WebApps", "WebApps", "{6856A170-E5E1-4355-A119-9AC7029296D9}"
EndProject
Project("{9A19103F-16F7-4668-BE54-9A1E7A4F7556}") = "Common.Logging", "src\BuildingBlocks\Common.Logging\Common.Logging.csproj", "{0FA67EAE-DFD1-4A76-BDD9-7F059852E716}"
EndProject
Project("{9A19103F-16F7-4668-BE54-9A1E7A4F7556}") = "Shared", "src\BuildingBlocks\Shared\Shared.csproj", "{4AA1B415-3B29-4C6D-A0C1-03E06E499C79}"
EndProject
Project("{9A19103F-16F7-4668-BE54-9A1E7A4F7556}") = "Contracts", "src\BuildingBlocks\Contracts\Contracts.csproj", "{9E1A4223-882B-4702-B32F-A59626C12199}"
EndProject
Project("{9A19103F-16F7-4668-BE54-9A1E7A4F7556}") = "Infrastructure", "src\BuildingBlocks\Infrastructure\Infrastructure.csproj", "{143237D9-35FD-468C-AA45-625816AC171A}"
EndProject
Project("{2150E333-8FDC-42A3-9474-1A3956D46DE8}") = "Customer", "Customer", "{67B2268D-72D7-44C3-A9D1-813C8175FD6A}"
EndProject
Project("{9A19103F-16F7-4668-BE54-9A1E7A4F7556}") = "Customer.API", "src\Services\Customer.API\Customer.API.csproj", "{ECBE300A-6C56-4775-9EA2-12FB09EC8552}"
EndProject
Project("{2150E333-8FDC-42A3-9474-1A3956D46DE8}") = "Product", "Product", "{729EAD82-32EC-4C66-82D3-9ED89E1BAB9E}"
EndProject
Project("{9A19103F-16F7-4668-BE54-9A1E7A4F7556}") = "Product.API", "src\Services\Product.API\Product.API.csproj", "{A82CB9A4-87E0-4211-8928-D22FB41D4E64}"
EndProject
Project("{2150E333-8FDC-42A3-9474-1A3956D46DE8}") = "Ordering", "Ordering", "{35EE2321-75E3-4410-8718-24CEE3741AF9}"
EndProject
Project("{2150E333-8FDC-42A3-9474-1A3956D46DE8}") = "Basket", "Basket", "{D00843EF-CA70-4ABB-9349-9540C047C489}"
EndProject
Project("{9A19103F-16F7-4668-BE54-9A1E7A4F7556}") = "Basket.API", "src\Services\Basket.API\Basket.API.csproj", "{503E572D-1986-4A15-B63C-A4441DD674C1}"
EndProject
Project("{FAE04EC0-301F-11D3-BF4B-00C04F79EFBC}") = "Ordering.API", "src\Services\Ordering\Ordering.API\Ordering.API.csproj", "{429CA927-29BF-4455-905E-6CAF419C76F1}"
EndProject
Project("{FAE04EC0-301F-11D3-BF4B-00C04F79EFBC}") = "Ordering.Application", "src\Services\Ordering\Ordering.Application\Ordering.Application.csproj", "{51733960-B702-4147-9C40-7D22FAC09762}"
EndProject
Project("{FAE04EC0-301F-11D3-BF4B-00C04F79EFBC}") = "Ordering.Domain", "src\Services\Ordering\Ordering.Domain\Ordering.Domain.csproj", "{F3087E7B-ED9F-4395-9BA4-9D41F58C5787}"
EndProject
Project("{FAE04EC0-301F-11D3-BF4B-00C04F79EFBC}") = "Ordering.Infrastructure", "src\Services\Ordering\Ordering.Infrastructure\Ordering.Infrastructure.csproj", "{7FB1BF35-5457-43E4-8E49-E03F3056E23A}"
EndProject
Global
	GlobalSection(SolutionConfigurationPlatforms) = preSolution
		Debug|Any CPU = Debug|Any CPU
		Release|Any CPU = Release|Any CPU
	EndGlobalSection
	GlobalSection(ProjectConfigurationPlatforms) = postSolution
		{0FA67EAE-DFD1-4A76-BDD9-7F059852E716}.Debug|Any CPU.ActiveCfg = Debug|Any CPU
		{0FA67EAE-DFD1-4A76-BDD9-7F059852E716}.Debug|Any CPU.Build.0 = Debug|Any CPU
		{0FA67EAE-DFD1-4A76-BDD9-7F059852E716}.Release|Any CPU.ActiveCfg = Release|Any CPU
		{0FA67EAE-DFD1-4A76-BDD9-7F059852E716}.Release|Any CPU.Build.0 = Release|Any CPU
		{4AA1B415-3B29-4C6D-A0C1-03E06E499C79}.Debug|Any CPU.ActiveCfg = Debug|Any CPU
		{4AA1B415-3B29-4C6D-A0C1-03E06E499C79}.Debug|Any CPU.Build.0 = Debug|Any CPU
		{4AA1B415-3B29-4C6D-A0C1-03E06E499C79}.Release|Any CPU.ActiveCfg = Release|Any CPU
		{4AA1B415-3B29-4C6D-A0C1-03E06E499C79}.Release|Any CPU.Build.0 = Release|Any CPU
		{9E1A4223-882B-4702-B32F-A59626C12199}.Debug|Any CPU.ActiveCfg = Debug|Any CPU
		{9E1A4223-882B-4702-B32F-A59626C12199}.Debug|Any CPU.Build.0 = Debug|Any CPU
		{9E1A4223-882B-4702-B32F-A59626C12199}.Release|Any CPU.ActiveCfg = Release|Any CPU
		{9E1A4223-882B-4702-B32F-A59626C12199}.Release|Any CPU.Build.0 = Release|Any CPU
		{143237D9-35FD-468C-AA45-625816AC171A}.Debug|Any CPU.ActiveCfg = Debug|Any CPU
		{143237D9-35FD-468C-AA45-625816AC171A}.Debug|Any CPU.Build.0 = Debug|Any CPU
		{143237D9-35FD-468C-AA45-625816AC171A}.Release|Any CPU.ActiveCfg = Release|Any CPU
		{143237D9-35FD-468C-AA45-625816AC171A}.Release|Any CPU.Build.0 = Release|Any CPU
		{ECBE300A-6C56-4775-9EA2-12FB09EC8552}.Debug|Any CPU.ActiveCfg = Debug|Any CPU
		{ECBE300A-6C56-4775-9EA2-12FB09EC8552}.Debug|Any CPU.Build.0 = Debug|Any CPU
		{ECBE300A-6C56-4775-9EA2-12FB09EC8552}.Release|Any CPU.ActiveCfg = Release|Any CPU
		{ECBE300A-6C56-4775-9EA2-12FB09EC8552}.Release|Any CPU.Build.0 = Release|Any CPU
		{A82CB9A4-87E0-4211-8928-D22FB41D4E64}.Debug|Any CPU.ActiveCfg = Debug|Any CPU
		{A82CB9A4-87E0-4211-8928-D22FB41D4E64}.Debug|Any CPU.Build.0 = Debug|Any CPU
		{A82CB9A4-87E0-4211-8928-D22FB41D4E64}.Release|Any CPU.ActiveCfg = Release|Any CPU
		{A82CB9A4-87E0-4211-8928-D22FB41D4E64}.Release|Any CPU.Build.0 = Release|Any CPU
		{503E572D-1986-4A15-B63C-A4441DD674C1}.Debug|Any CPU.ActiveCfg = Debug|Any CPU
		{503E572D-1986-4A15-B63C-A4441DD674C1}.Debug|Any CPU.Build.0 = Debug|Any CPU
		{503E572D-1986-4A15-B63C-A4441DD674C1}.Release|Any CPU.ActiveCfg = Release|Any CPU
		{503E572D-1986-4A15-B63C-A4441DD674C1}.Release|Any CPU.Build.0 = Release|Any CPU
		{429CA927-29BF-4455-905E-6CAF419C76F1}.Debug|Any CPU.ActiveCfg = Debug|Any CPU
		{429CA927-29BF-4455-905E-6CAF419C76F1}.Debug|Any CPU.Build.0 = Debug|Any CPU
		{429CA927-29BF-4455-905E-6CAF419C76F1}.Release|Any CPU.ActiveCfg = Release|Any CPU
		{429CA927-29BF-4455-905E-6CAF419C76F1}.Release|Any CPU.Build.0 = Release|Any CPU
		{51733960-B702-4147-9C40-7D22FAC09762}.Debug|Any CPU.ActiveCfg = Debug|Any CPU
		{51733960-B702-4147-9C40-7D22FAC09762}.Debug|Any CPU.Build.0 = Debug|Any CPU
		{51733960-B702-4147-9C40-7D22FAC09762}.Release|Any CPU.ActiveCfg = Release|Any CPU
		{51733960-B702-4147-9C40-7D22FAC09762}.Release|Any CPU.Build.0 = Release|Any CPU
		{F3087E7B-ED9F-4395-9BA4-9D41F58C5787}.Debug|Any CPU.ActiveCfg = Debug|Any CPU
		{F3087E7B-ED9F-4395-9BA4-9D41F58C5787}.Debug|Any CPU.Build.0 = Debug|Any CPU
		{F3087E7B-ED9F-4395-9BA4-9D41F58C5787}.Release|Any CPU.ActiveCfg = Release|Any CPU
		{F3087E7B-ED9F-4395-9BA4-9D41F58C5787}.Release|Any CPU.Build.0 = Release|Any CPU
		{7FB1BF35-5457-43E4-8E49-E03F3056E23A}.Debug|Any CPU.ActiveCfg = Debug|Any CPU
		{7FB1BF35-5457-43E4-8E49-E03F3056E23A}.Debug|Any CPU.Build.0 = Debug|Any CPU
		{7FB1BF35-5457-43E4-8E49-E03F3056E23A}.Release|Any CPU.ActiveCfg = Release|Any CPU
		{7FB1BF35-5457-43E4-8E49-E03F3056E23A}.Release|Any CPU.Build.0 = Release|Any CPU
	EndGlobalSection
	GlobalSection(SolutionProperties) = preSolution
		HideSolutionNode = FALSE
	EndGlobalSection
	GlobalSection(NestedProjects) = preSolution
		{8D44DA29-3BD2-496A-BE26-F39D8037D216} = {8F139DC0-2C69-4D6B-B9F9-321B85F0C909}
		{3CF39FC8-615C-430F-8FEA-08FD5C2E5FAB} = {8F139DC0-2C69-4D6B-B9F9-321B85F0C909}
		{8FE50B80-38F4-4B82-B8C9-4A2614D22AAF} = {8F139DC0-2C69-4D6B-B9F9-321B85F0C909}
		{6856A170-E5E1-4355-A119-9AC7029296D9} = {8F139DC0-2C69-4D6B-B9F9-321B85F0C909}
		{0FA67EAE-DFD1-4A76-BDD9-7F059852E716} = {3CF39FC8-615C-430F-8FEA-08FD5C2E5FAB}
		{4AA1B415-3B29-4C6D-A0C1-03E06E499C79} = {3CF39FC8-615C-430F-8FEA-08FD5C2E5FAB}
		{9E1A4223-882B-4702-B32F-A59626C12199} = {3CF39FC8-615C-430F-8FEA-08FD5C2E5FAB}
		{143237D9-35FD-468C-AA45-625816AC171A} = {3CF39FC8-615C-430F-8FEA-08FD5C2E5FAB}
		{67B2268D-72D7-44C3-A9D1-813C8175FD6A} = {8FE50B80-38F4-4B82-B8C9-4A2614D22AAF}
		{ECBE300A-6C56-4775-9EA2-12FB09EC8552} = {67B2268D-72D7-44C3-A9D1-813C8175FD6A}
		{729EAD82-32EC-4C66-82D3-9ED89E1BAB9E} = {8FE50B80-38F4-4B82-B8C9-4A2614D22AAF}
		{A82CB9A4-87E0-4211-8928-D22FB41D4E64} = {729EAD82-32EC-4C66-82D3-9ED89E1BAB9E}
		{35EE2321-75E3-4410-8718-24CEE3741AF9} = {8FE50B80-38F4-4B82-B8C9-4A2614D22AAF}
		{D00843EF-CA70-4ABB-9349-9540C047C489} = {8FE50B80-38F4-4B82-B8C9-4A2614D22AAF}
		{503E572D-1986-4A15-B63C-A4441DD674C1} = {D00843EF-CA70-4ABB-9349-9540C047C489}
		{429CA927-29BF-4455-905E-6CAF419C76F1} = {35EE2321-75E3-4410-8718-24CEE3741AF9}
		{51733960-B702-4147-9C40-7D22FAC09762} = {35EE2321-75E3-4410-8718-24CEE3741AF9}
		{F3087E7B-ED9F-4395-9BA4-9D41F58C5787} = {35EE2321-75E3-4410-8718-24CEE3741AF9}
		{7FB1BF35-5457-43E4-8E49-E03F3056E23A} = {35EE2321-75E3-4410-8718-24CEE3741AF9}
	EndGlobalSection
	GlobalSection(ExtensibilityGlobals) = postSolution
		SolutionGuid = {D0D4D175-01EE-4091-866D-1BC397091AEC}
	EndGlobalSection
EndGlobal
